Microsoft Visual Studio Solution File, Format Version 12.00
# Visual Studio Version 17
VisualStudioVersion = 17.5.2.0
MinimumVisualStudioVersion = 10.0.40219.1
Project("{FAE04EC0-301F-11D3-BF4B-00C04F79EFBC}") = "temp-adomd", ".temp-adomd\temp-adomd.csproj", "{A7C2C354-B3F4-D6AF-49E7-C327A1F99CBE}"
EndProject
Global
	GlobalSection(SolutionConfigurationPlatforms) = preSolution
		Debug|Any CPU = Debug|Any CPU
		Release|Any CPU = Release|Any CPU
	EndGlobalSection
	GlobalSection(ProjectConfigurationPlatforms) = postSolution
		{A7C2C354-B3F4-D6AF-49E7-C327A1F99CBE}.Debug|Any CPU.ActiveCfg = Debug|Any CPU
		{A7C2C354-B3F4-D6AF-49E7-C327A1F99CBE}.Debug|Any CPU.Build.0 = Debug|Any CPU
		{A7C2C354-B3F4-D6AF-49E7-C327A1F99CBE}.Release|Any CPU.ActiveCfg = Release|Any CPU
		{A7C2C354-B3F4-D6AF-49E7-C327A1F99CBE}.Release|Any CPU.Build.0 = Release|Any CPU
	EndGlobalSection
	GlobalSection(SolutionProperties) = preSolution
		HideSolutionNode = FALSE
	EndGlobalSection
	GlobalSection(ExtensibilityGlobals) = postSolution
		SolutionGuid = {724061C4-D513-43E4-BED4-DE22E3786A28}
	EndGlobalSection
EndGlobal
